{
  "name": "@asys/bpmn",
  "version": "0.1.3",
  "lockfileVersion": 3,
  "requires": true,
  "packages": {
    "": {
      "name": "@asys/bpmn",
      "version": "0.1.3",
      "dependencies": {
        "@bufbuild/protobuf": "2.12.1",
        "@connectrpc/connect": "2.1.2",
        "@connectrpc/connect-node": "2.1.2",
        "@dcomp/component": "file:../asys-inference/components/vendor/dcomp-component",
        "bpmn-elements": "17.3.0",
        "bpmn-moddle": "9.0.4",
        "feelin": "7.0.1",
        "moddle-context-serializer": "4.4.1",
        "moddle-xml": "11.0.0"
      },
      "devDependencies": {
        "@bufbuild/buf": "1.72.0",
        "@bufbuild/protoc-gen-es": "2.12.1",
        "bpmn-js": "18.28.0",
        "playwright-core": "1.63.0"
      },
      "engines": {
        "node": ">=22.19.0"
      }
    },
    "node_modules/@0dep/piso": {
      "version": "3.1.0",
      "resolved": "https://registry.npmjs.org/@0dep/piso/-/piso-3.1.0.tgz",
      "integrity": "sha512-3d28pi4BSOAjVQfrGrHls9RWib7fGq2jsbDb5P1pCE7Dd5lIlRidGK0ZYAR/dGGtmMCQthKQ8dIP6ecuEH1VrQ==",
      "license": "MIT",
      "engines": {
        "node": ">=14"
      }
    },
    "node_modules/@bpmn-io/diagram-js-ui": {
      "version": "0.2.4",
      "resolved": "https://registry.npmjs.org/@bpmn-io/diagram-js-ui/-/diagram-js-ui-0.2.4.tgz",
      "integrity": "sha512-I678ZGtoH7z7FgzFhzzppM9ThsJ3Lh83kW3GjhjG3xyYciIPYHMaHK1MABP8F69H9pFZpViM6t4qUo8dwrVz0w==",
      "dev": true,
      "license": "MIT",
      "dependencies": {
        "htm": "^3.1.1",
        "preact": "^10.29.2"
      }
    },
    "node_modules/@bufbuild/buf": {
      "version": "1.72.0",
      "resolved": "https://registry.npmjs.org/@bufbuild/buf/-/buf-1.72.0.tgz",
      "integrity": "sha512-BwBKTX/WXkhAhqWJGrEKnqU03/4tK1O0OozSlwUMBCOEo8pLL3xu3M24RT3+umExEeM0wjlANO6axqGWMqtt4Q==",
      "dev": true,
      "hasInstallScript": true,
      "license": "Apache-2.0",
      "bin": {
        "buf": "bin/buf",
        "protoc-gen-buf-breaking": "bin/protoc-gen-buf-breaking",
        "protoc-gen-buf-lint": "bin/protoc-gen-buf-lint"
      },
      "engines": {
        "node": ">=12"
      },
      "optionalDependencies": {
        "@bufbuild/buf-darwin-arm64": "1.72.0",
        "@bufbuild/buf-darwin-x64": "1.72.0",
        "@bufbuild/buf-linux-aarch64": "1.72.0",
        "@bufbuild/buf-linux-armv7": "1.72.0",
        "@bufbuild/buf-linux-x64": "1.72.0",
        "@bufbuild/buf-win32-arm64": "1.72.0",
        "@bufbuild/buf-win32-x64": "1.72.0"
      }
    },
    "node_modules/@bufbuild/buf-darwin-arm64": {
      "version": "1.72.0",
      "resolved": "https://registry.npmjs.org/@bufbuild/buf-darwin-arm64/-/buf-darwin-arm64-1.72.0.tgz",
      "integrity": "sha512-rKHRvjwAThapxIoOn92vIoTjYSz5FmRemDRLU4BYT4T6QWMEC13PM3/pPnqVgsNKZ5aW7iYDm9ztnisEqSi5yA==",
      "cpu": [
        "arm64"
      ],
      "dev": true,
      "license": "Apache-2.0",
      "optional": true,
      "os": [
        "darwin"
      ],
      "engines": {
        "node": ">=12"
      }
    },
    "node_modules/@bufbuild/buf-darwin-x64": {
      "version": "1.72.0",
      "resolved": "https://registry.npmjs.org/@bufbuild/buf-darwin-x64/-/buf-darwin-x64-1.72.0.tgz",
      "integrity": "sha512-4TQ1AGft8sGspNg9NMsEjsKKis7nGaVV8tZLnNa3cKUBmx22gwOnB6VRhgKWwjf+BDqr85lUEzQ6wHCboNUutg==",
      "cpu": [
        "x64"
      ],
      "dev": true,
      "license": "Apache-2.0",
      "optional": true,
      "os": [
        "darwin"
      ],
      "engines": {
        "node": ">=12"
      }
    },
    "node_modules/@bufbuild/buf-linux-aarch64": {
      "version": "1.72.0",
      "resolved": "https://registry.npmjs.org/@bufbuild/buf-linux-aarch64/-/buf-linux-aarch64-1.72.0.tgz",
      "integrity": "sha512-cbIsUcgM5bHhbZWcDaAXqaYOAi8N0c0u+NiDydwVmZ04Et3s1EZ3TDqfQDRzwvoBPDP+lsO6YuTRXX6nI28x4w==",
      "cpu": [
        "arm64"
      ],
      "dev": true,
      "license": "Apache-2.0",
      "optional": true,
      "os": [
        "linux"
      ],
      "engines": {
        "node": ">=12"
      }
    },
    "node_modules/@bufbuild/buf-linux-armv7": {
      "version": "1.72.0",
      "resolved": "https://registry.npmjs.org/@bufbuild/buf-linux-armv7/-/buf-linux-armv7-1.72.0.tgz",
      "integrity": "sha512-v/bXVsFL8YNm2HgosGb9r3+nAt4jQiUc3r3JipYuiVY3DAJZAjoEvcak6/BkxQMTEQz9Zb8gRRlule9IFkbc5g==",
      "cpu": [
        "arm"
      ],
      "dev": true,
      "license": "Apache-2.0",
      "optional": true,
      "os": [
        "linux"
      ],
      "engines": {
        "node": ">=12"
      }
    },
    "node_modules/@bufbuild/buf-linux-x64": {
      "version": "1.72.0",
      "resolved": "https://registry.npmjs.org/@bufbuild/buf-linux-x64/-/buf-linux-x64-1.72.0.tgz",
      "integrity": "sha512-4xHGXEjqFxo1wX1zMGq4CzhYt5++nrj4C7k30j+YmGtvqCnipfdSe+V6kknBYRfYswVZEUwUbQOh6pnMTcGcrA==",
      "cpu": [
        "x64"
      ],
      "dev": true,
      "license": "Apache-2.0",
      "optional": true,
      "os": [
        "linux"
      ],
      "engines": {
        "node": ">=12"
      }
    },
    "node_modules/@bufbuild/buf-win32-arm64": {
      "version": "1.72.0",
      "resolved": "https://registry.npmjs.org/@bufbuild/buf-win32-arm64/-/buf-win32-arm64-1.72.0.tgz",
      "integrity": "sha512-WH7ClsoB9A0e/5fFhx0DLqLzillYPRdHBhlwzihgvjGci0bBdyJVHSQGf0B9uspCMU6sn6W/N1S9/2vvQBNMug==",
      "cpu": [
        "arm64"
      ],
      "dev": true,
      "license": "Apache-2.0",
      "optional": true,
      "os": [
        "win32"
      ],
      "engines": {
        "node": ">=12"
      }
    },
    "node_modules/@bufbuild/buf-win32-x64": {
      "version": "1.72.0",
      "resolved": "https://registry.npmjs.org/@bufbuild/buf-win32-x64/-/buf-win32-x64-1.72.0.tgz",
      "integrity": "sha512-X3eWqFzhDmu8CYQZz+Fu7i+PgH+yUl8UwJ5+x+bhZRYAIdcijikthodk60c5u/qq42m1Z2XAnAGyp/mTf7IffA==",
      "cpu": [
        "x64"
      ],
      "dev": true,
      "license": "Apache-2.0",
      "optional": true,
      "os": [
        "win32"
      ],
      "engines": {
        "node": ">=12"
      }
    },
    "node_modules/@bufbuild/protobuf": {
      "version": "2.12.1",
      "resolved": "https://registry.npmjs.org/@bufbuild/protobuf/-/protobuf-2.12.1.tgz",
      "integrity": "sha512-BvAMfS6LrgZiryOAZ4pBYucu4wG/Ei/9o9DZ9akbREnMLbPJiom2i8b9C8IsKErQoiKqVhrerzt3kOT/RrzLHg==",
      "license": "(Apache-2.0 AND BSD-3-Clause)"
    },
    "node_modules/@bufbuild/protoc-gen-es": {
      "version": "2.12.1",
      "resolved": "https://registry.npmjs.org/@bufbuild/protoc-gen-es/-/protoc-gen-es-2.12.1.tgz",
      "integrity": "sha512-SWa7XvRYRouMo+vBQmpNFZ+ZEqQ8AC0LpL4QWAo1gvstLhFh/Y7Nf/a+MK7ZxDq5LZSThwfk974L1sFxO3OaGw==",
      "dev": true,
      "license": "Apache-2.0",
      "dependencies": {
        "@bufbuild/protobuf": "2.12.1",
        "@bufbuild/protoplugin": "2.12.1"
      },
      "bin": {
        "protoc-gen-es": "bin/protoc-gen-es"
      },
      "engines": {
        "node": ">=20"
      },
      "peerDependencies": {
        "@bufbuild/protobuf": "2.12.1"
      },
      "peerDependenciesMeta": {
        "@bufbuild/protobuf": {
          "optional": true
        }
      }
    },
    "node_modules/@bufbuild/protoplugin": {
      "version": "2.12.1",
      "resolved": "https://registry.npmjs.org/@bufbuild/protoplugin/-/protoplugin-2.12.1.tgz",
      "integrity": "sha512-PY58KxQVAD1BnnKtStOctsMoegEVGfBnY5AOqVQOIu711nA13oYtTqJM8df5lUQg2J1DR3XxUXptE+fWX5oLdA==",
      "dev": true,
      "license": "Apache-2.0",
      "dependencies": {
        "@bufbuild/protobuf": "2.12.1",
        "@typescript/vfs": "^1.6.2",
        "typescript": "5.4.5"
      }
    },
    "node_modules/@connectrpc/connect": {
      "version": "2.1.2",
      "resolved": "https://registry.npmjs.org/@connectrpc/connect/-/connect-2.1.2.tgz",
      "integrity": "sha512-MXkBijtcX09R10Eb6sFeIetc6w6746eio6xtfuyVOH7oQAacT1X0GzMIQFux6Qy8cq3W/T5qX5Bei8YbFtmRGA==",
      "license": "Apache-2.0",
      "peerDependencies": {
        "@bufbuild/protobuf": "^2.7.0"
      }
    },
    "node_modules/@connectrpc/connect-node": {
      "version": "2.1.2",
      "resolved": "https://registry.npmjs.org/@connectrpc/connect-node/-/connect-node-2.1.2.tgz",
      "integrity": "sha512-+i/aAOpsI8sIx1mbYp6d99zvxaUSF6t/jP9Ux9maAmjsZPgmIQ3JuIeYi0zJIP9zlCnBlJjkpPosshCgdRuThQ==",
      "license": "Apache-2.0",
      "engines": {
        "node": ">=20"
      },
      "peerDependencies": {
        "@bufbuild/protobuf": "^2.7.0",
        "@connectrpc/connect": "2.1.2"
      }
    },
    "node_modules/@dcomp/component": {
      "version": "0.3.0",
      "resolved": "file:../asys-inference/components/vendor/dcomp-component",
      "license": "MIT",
      "engines": {
        "node": ">=20"
      }
    },
    "node_modules/@lezer/common": {
      "version": "1.5.2",
      "resolved": "https://registry.npmjs.org/@lezer/common/-/common-1.5.2.tgz",
      "integrity": "sha512-sxQE460fPZyU3sdc8lafxiPwJHBzZRy/udNFynGQky1SePYBdhkBl1kOagA9uT3pxR8K09bOrmTUqA9wb/PjSQ==",
      "license": "MIT"
    },
    "node_modules/@lezer/highlight": {
      "version": "1.2.3",
      "resolved": "https://registry.npmjs.org/@lezer/highlight/-/highlight-1.2.3.tgz",
      "integrity": "sha512-qXdH7UqTvGfdVBINrgKhDsVTJTxactNNxLk7+UMwZhU13lMHaOBlJe9Vqp907ya56Y3+ed2tlqzys7jDkTmW0g==",
      "license": "MIT",
      "dependencies": {
        "@lezer/common": "^1.3.0"
      }
    },
    "node_modules/@lezer/lr": {
      "version": "1.4.10",
      "resolved": "https://registry.npmjs.org/@lezer/lr/-/lr-1.4.10.tgz",
      "integrity": "sha512-rnCpTIBafOx4mRp43xOxDJbFipJm/c0cia/V5TiGlhmMa+wsSdoGmUN3w5Bqrks/09Q/D4tNAmWaT8p6NRi77A==",
      "license": "MIT",
      "dependencies": {
        "@lezer/common": "^1.0.0"
      }
    },
    "node_modules/@typescript/vfs": {
      "version": "1.6.4",
      "resolved": "https://registry.npmjs.org/@typescript/vfs/-/vfs-1.6.4.tgz",
      "integrity": "sha512-PJFXFS4ZJKiJ9Qiuix6Dz/OwEIqHD7Dme1UwZhTK11vR+5dqW2ACbdndWQexBzCx+CPuMe5WBYQWCsFyGlQLlQ==",
      "dev": true,
      "license": "MIT",
      "dependencies": {
        "debug": "^4.4.3"
      },
      "peerDependencies": {
        "typescript": "*"
      }
    },
    "node_modules/bpmn-elements": {
      "version": "17.3.0",
      "resolved": "https://registry.npmjs.org/bpmn-elements/-/bpmn-elements-17.3.0.tgz",
      "integrity": "sha512-pWRfMT6SsIBF4d0h77hOXYCXHoz8fQzoQE5Oc8C7KNr620pIbmaJQjiZjYvWeowSO/2IYIvAJa/+isZDv8JTzg==",
      "license": "MIT",
      "dependencies": {
        "@0dep/piso": "^3.0.1",
        "smqp": "^11.0.1"
      }
    },
    "node_modules/bpmn-js": {
      "version": "18.28.0",
      "resolved": "https://registry.npmjs.org/bpmn-js/-/bpmn-js-18.28.0.tgz",
      "integrity": "sha512-5xO8dBugA7UQriYAeP5FcDG+kVNlL9JlM0v1AtYCxQx3P0bXkLy19VxTnzgBSo0d826SZApTnIeYFhUG994XSQ==",
      "dev": true,
      "license": "SEE LICENSE IN LICENSE",
      "dependencies": {
        "bpmn-moddle": "^10.2.0",
        "diagram-js": "^15.26.0",
        "diagram-js-direct-editing": "^3.5.1",
        "ids": "^3.0.2",
        "inherits-browser": "^0.1.0",
        "min-dash": "^5.1.0",
        "min-dom": "^5.3.0",
        "tiny-svg": "^4.1.4"
      },
      "engines": {
        "node": "*"
      }
    },
    "node_modules/bpmn-js/node_modules/bpmn-moddle": {
      "version": "10.2.0",
      "resolved": "https://registry.npmjs.org/bpmn-moddle/-/bpmn-moddle-10.2.0.tgz",
      "integrity": "sha512-rjPr+hvh43DH9BXUHnXHVNcILYJbZ4rJdYY0GRV7ve99MURNjpIp/mCL8UJSz923uXJ4Doa/bEgBEsG01fPoYQ==",
      "dev": true,
      "license": "MIT",
      "dependencies": {
        "min-dash": "^5.1.0",
        "moddle": "^8.2.1",
        "moddle-xml": "^12.2.0"
      },
      "engines": {
        "node": ">= 20.12"
      }
    },
    "node_modules/bpmn-js/node_modules/min-dash": {
      "version": "5.1.0",
      "resolved": "https://registry.npmjs.org/min-dash/-/min-dash-5.1.0.tgz",
      "integrity": "sha512-HAvN6XzmCQj+js43G9sJRRw8kj/7DvoxN7qhoIN9Xo5ZN1NMljtpyKs/NunXmw0QSWwlgZzNv6tLeEa4xaZ0tg==",
      "dev": true,
      "license": "MIT"
    },
    "node_modules/bpmn-js/node_modules/moddle-xml": {
      "version": "12.2.0",
      "resolved": "https://registry.npmjs.org/moddle-xml/-/moddle-xml-12.2.0.tgz",
      "integrity": "sha512-kqjdAod5n2v3IVJGudJKRUa1PU/p8GpIb0HbfbVXCppt/MEHtRs+Qi/Q3KTy31JbZCUF9L36mY4wUx7PqqMX4g==",
      "dev": true,
      "license": "MIT",
      "dependencies": {
        "min-dash": "^5.1.0",
        "saxen": "^11.1.0"
      },
      "engines": {
        "node": ">= 18"
      },
      "peerDependencies": {
        "moddle": ">= 6.2.0"
      }
    },
    "node_modules/bpmn-js/node_modules/saxen": {
      "version": "11.1.1",
      "resolved": "https://registry.npmjs.org/saxen/-/saxen-11.1.1.tgz",
      "integrity": "sha512-J4BkmJFaM7VgE7pgkFGsNEcqqM3h7+Mz80vfLWFhx7uNOCOXIu6LLjQHYWNejdst3pf/3JUaBIG9+pkk1umlow==",
      "dev": true,
      "license": "MIT",
      "engines": {
        "node": ">= 20.12"
      }
    },
    "node_modules/bpmn-moddle": {
      "version": "9.0.4",
      "resolved": "https://registry.npmjs.org/bpmn-moddle/-/bpmn-moddle-9.0.4.tgz",
      "integrity": "sha512-dr5s3vtOG8NkVSwa8CC55XBIKKwajomSZRb0RiMOOOF6TpqZBZvtbDjpzWICvdd/plDF6uOtaRfSgblPQLAioQ==",
      "license": "MIT",
      "dependencies": {
        "min-dash": "^4.2.1",
        "moddle": "^7.0.0",
        "moddle-xml": "^11.0.0"
      },
      "engines": {
        "node": ">= 18"
      }
    },
    "node_modules/bpmn-moddle/node_modules/moddle": {
      "version": "7.2.0",
      "resolved": "https://registry.npmjs.org/moddle/-/moddle-7.2.0.tgz",
      "integrity": "sha512-x1+JREThy7JBOBR3g2hbOnOfrlC/YAWXX9RzrSZS5HhqeuBly9H/PCtOBtcQs+Y2sjRAXF+WTNSgHvn8Uq+6Yw==",
      "license": "MIT",
      "dependencies": {
        "min-dash": "^4.2.1"
      }
    },
    "node_modules/clsx": {
      "version": "2.1.1",
      "resolved": "https://registry.npmjs.org/clsx/-/clsx-2.1.1.tgz",
      "integrity": "sha512-eYm0QWBtUrBWZWG0d386OGAw16Z995PiOVo2B7bjWSbHedGl5e0ZWaq65kOGgUSNesEIDkB9ISbTg/JK9dhCZA==",
      "dev": true,
      "license": "MIT",
      "engines": {
        "node": ">=6"
      }
    },
    "node_modules/debug": {
      "version": "4.4.3",
      "resolved": "https://registry.npmjs.org/debug/-/debug-4.4.3.tgz",
      "integrity": "sha512-RGwwWnwQvkVfavKVt22FGLw+xYSdzARwm0ru6DhTVA3umU5hZc28V3kO4stgYryrTlLpuvgI9GiijltAjNbcqA==",
      "dev": true,
      "license": "MIT",
      "dependencies": {
        "ms": "^2.1.3"
      },
      "engines": {
        "node": ">=6.0"
      },
      "peerDependenciesMeta": {
        "supports-color": {
          "optional": true
        }
      }
    },
    "node_modules/diagram-js": {
      "version": "15.26.0",
      "resolved": "https://registry.npmjs.org/diagram-js/-/diagram-js-15.26.0.tgz",
      "integrity": "sha512-AxhMvXu7ctWyLKtnxTTLRpsLsDP+qtq8cRx8U1ETe++Gll7pA5YMD3P9oMLsJQNNBNSKS2diNCEqMk0mviVbkw==",
      "dev": true,
      "license": "MIT",
      "dependencies": {
        "@bpmn-io/diagram-js-ui": "^0.2.4",
        "clsx": "^2.1.1",
        "didi": "^11.0.0",
        "inherits-browser": "^0.1.0",
        "min-dash": "^5.1.0",
        "min-dom": "^5.3.0",
        "object-refs": "^0.4.0",
        "path-intersection": "^4.1.0",
        "tiny-svg": "^4.1.4"
      },
      "engines": {
        "node": "*"
      }
    },
    "node_modules/diagram-js-direct-editing": {
      "version": "3.5.1",
      "resolved": "https://registry.npmjs.org/diagram-js-direct-editing/-/diagram-js-direct-editing-3.5.1.tgz",
      "integrity": "sha512-fEQCQ/x5oKVV0m7Nmgv7i85Vhw+kJkKNXF8zcV5Vm0KwF8x/8e3Ax0aJgdXt8/fDPymEkY8HmZweXIipCeeh+g==",
      "dev": true,
      "license": "MIT",
      "dependencies": {
        "min-dash": "^5.0.0",
        "min-dom": "^5.3.0"
      },
      "engines": {
        "node": "*"
      },
      "peerDependencies": {
        "diagram-js": "*"
      }
    },
    "node_modules/diagram-js-direct-editing/node_modules/min-dash": {
      "version": "5.1.0",
      "resolved": "https://registry.npmjs.org/min-dash/-/min-dash-5.1.0.tgz",
      "integrity": "sha512-HAvN6XzmCQj+js43G9sJRRw8kj/7DvoxN7qhoIN9Xo5ZN1NMljtpyKs/NunXmw0QSWwlgZzNv6tLeEa4xaZ0tg==",
      "dev": true,
      "license": "MIT"
    },
    "node_modules/diagram-js/node_modules/min-dash": {
      "version": "5.1.0",
      "resolved": "https://registry.npmjs.org/min-dash/-/min-dash-5.1.0.tgz",
      "integrity": "sha512-HAvN6XzmCQj+js43G9sJRRw8kj/7DvoxN7qhoIN9Xo5ZN1NMljtpyKs/NunXmw0QSWwlgZzNv6tLeEa4xaZ0tg==",
      "dev": true,
      "license": "MIT"
    },
    "node_modules/didi": {
      "version": "11.0.0",
      "resolved": "https://registry.npmjs.org/didi/-/didi-11.0.0.tgz",
      "integrity": "sha512-PzCfRzQttvFpVcYMbSF7h8EsWjeJpVjWH4qDhB5LkMi1ILvHq4Ob0vhM2wLFziPkbUBi+PAo7ODbe2sacR7nJQ==",
      "dev": true,
      "license": "MIT",
      "engines": {
        "node": ">= 20.12"
      }
    },
    "node_modules/domify": {
      "version": "3.0.0",
      "resolved": "https://registry.npmjs.org/domify/-/domify-3.0.0.tgz",
      "integrity": "sha512-bs2yO68JDFOm6rKv8f0EnrM2cENduhRkpqOtt/s5l5JBA/eqGBZCzLPmdYoHtJ6utgLGgcBajFsEQbl12pT0lQ==",
      "dev": true,
      "license": "MIT",
      "engines": {
        "node": ">=20"
      },
      "funding": {
        "url": "https://github.com/sponsors/sindresorhus"
      }
    },
    "node_modules/feelin": {
      "version": "7.0.1",
      "resolved": "https://registry.npmjs.org/feelin/-/feelin-7.0.1.tgz",
      "integrity": "sha512-P7jSNHxMfDMW7zojApEUClEOugv/J7UZEVvSG4Cuyzwxh1QiB1XXgBREkEEamdy3igHHzm+20lv0Mt3pws3teA==",
      "license": "MIT",
      "dependencies": {
        "@lezer/common": "^1.5.2",
        "lezer-feel": "^3.0.1",
        "luxon": "^3.7.2",
        "min-dash": "^5.0.0"
      },
      "engines": {
        "node": ">= 20.12.0"
      }
    },
    "node_modules/feelin/node_modules/min-dash": {
      "version": "5.1.0",
      "resolved": "https://registry.npmjs.org/min-dash/-/min-dash-5.1.0.tgz",
      "integrity": "sha512-HAvN6XzmCQj+js43G9sJRRw8kj/7DvoxN7qhoIN9Xo5ZN1NMljtpyKs/NunXmw0QSWwlgZzNv6tLeEa4xaZ0tg==",
      "license": "MIT"
    },
    "node_modules/htm": {
      "version": "3.1.1",
      "resolved": "https://registry.npmjs.org/htm/-/htm-3.1.1.tgz",
      "integrity": "sha512-983Vyg8NwUE7JkZ6NmOqpCZ+sh1bKv2iYTlUkzlWmA5JD2acKoxd4KVxbMmxX/85mtfdnDmTFoNKcg5DGAvxNQ==",
      "dev": true,
      "license": "Apache-2.0"
    },
    "node_modules/ids": {
      "version": "3.0.2",
      "resolved": "https://registry.npmjs.org/ids/-/ids-3.0.2.tgz",
      "integrity": "sha512-t6YJP4mdC+GHF96Nbis/4FEANhP/8VWmYMvUuYpXvSdrhg5hpIVbq2XZlOA3UWTbtdwPCi0q7jEXOdHkAnqOnw==",
      "dev": true,
      "license": "MIT",
      "engines": {
        "node": ">= 20.12"
      }
    },
    "node_modules/inherits-browser": {
      "version": "0.1.0",
      "resolved": "https://registry.npmjs.org/inherits-browser/-/inherits-browser-0.1.0.tgz",
      "integrity": "sha512-CJHHvW3jQ6q7lzsXPpapLdMx5hDpSF3FSh45pwsj6bKxJJ8Nl8v43i5yXnr3BdfOimGHKyniewQtnAIp3vyJJw==",
      "dev": true,
      "license": "ISC"
    },
    "node_modules/lezer-feel": {
      "version": "3.0.1",
      "resolved": "https://registry.npmjs.org/lezer-feel/-/lezer-feel-3.0.1.tgz",
      "integrity": "sha512-tTOBq2ZOwfekNXg7eflg9WK/jl4LW4pryR3wiGRp1/ODXBG3ngo2mqXcriULylTjdxCnz42ByMMFEgbOK0L7kg==",
      "license": "MIT",
      "dependencies": {
        "@lezer/highlight": "^1.2.3",
        "@lezer/lr": "^1.4.10",
        "min-dash": "^5.0.0"
      },
      "engines": {
        "node": ">= 20.12.0"
      }
    },
    "node_modules/lezer-feel/node_modules/min-dash": {
      "version": "5.1.0",
      "resolved": "https://registry.npmjs.org/min-dash/-/min-dash-5.1.0.tgz",
      "integrity": "sha512-HAvN6XzmCQj+js43G9sJRRw8kj/7DvoxN7qhoIN9Xo5ZN1NMljtpyKs/NunXmw0QSWwlgZzNv6tLeEa4xaZ0tg==",
      "license": "MIT"
    },
    "node_modules/luxon": {
      "version": "3.7.2",
      "resolved": "https://registry.npmjs.org/luxon/-/luxon-3.7.2.tgz",
      "integrity": "sha512-vtEhXh/gNjI9Yg1u4jX/0YVPMvxzHuGgCm6tC5kZyb08yjGWGnqAjGJvcXbqQR2P3MyMEFnRbpcdFS6PBcLqew==",
      "license": "MIT",
      "engines": {
        "node": ">=12"
      }
    },
    "node_modules/min-dash": {
      "version": "4.2.3",
      "resolved": "https://registry.npmjs.org/min-dash/-/min-dash-4.2.3.tgz",
      "integrity": "sha512-VLMYQI5+FcD9Ad24VcB08uA83B07OhueAlZ88jBK6PyupTvEJwllTMUqMy0wPGYs7pZUEtEEMWdHB63m3LtEcg==",
      "license": "MIT"
    },
    "node_modules/min-dom": {
      "version": "5.3.0",
      "resolved": "https://registry.npmjs.org/min-dom/-/min-dom-5.3.0.tgz",
      "integrity": "sha512-0w5FEBgPAyHhmFojW3zxd7we3D+m5XYS3E/06OyvxmbHJoiQVa4Nagj6RWvoAKYRw5xth6cP5TMePc5cR1M9hA==",
      "dev": true,
      "license": "MIT",
      "dependencies": {
        "domify": "^3.0.0",
        "min-dash": "^5.0.0"
      }
    },
    "node_modules/min-dom/node_modules/min-dash": {
      "version": "5.1.0",
      "resolved": "https://registry.npmjs.org/min-dash/-/min-dash-5.1.0.tgz",
      "integrity": "sha512-HAvN6XzmCQj+js43G9sJRRw8kj/7DvoxN7qhoIN9Xo5ZN1NMljtpyKs/NunXmw0QSWwlgZzNv6tLeEa4xaZ0tg==",
      "dev": true,
      "license": "MIT"
    },
    "node_modules/moddle": {
      "version": "8.2.1",
      "resolved": "https://registry.npmjs.org/moddle/-/moddle-8.2.1.tgz",
      "integrity": "sha512-20qzO/ZpMGO9j9gdQgXk9bfGxb9wA3JKnGth/21YZKODLrZE4RW/uVMIL5pTskYm34Z61DucBEPkq93qByNsBQ==",
      "license": "MIT",
      "dependencies": {
        "min-dash": "^5.1.0"
      }
    },
    "node_modules/moddle-context-serializer": {
      "version": "4.4.1",
      "resolved": "https://registry.npmjs.org/moddle-context-serializer/-/moddle-context-serializer-4.4.1.tgz",
      "integrity": "sha512-ehkEEm3TtxdhefRBBayEW4XgUYCZZQSP3KZJWxhbQ3PRDwgW1JKVBh4oVx1I1NAvyTPIetUDFAC8SI6eUdA5Dg==",
      "license": "MIT",
      "peerDependencies": {
        "bpmn-moddle": ">=6"
      }
    },
    "node_modules/moddle-xml": {
      "version": "11.0.0",
      "resolved": "https://registry.npmjs.org/moddle-xml/-/moddle-xml-11.0.0.tgz",
      "integrity": "sha512-L3Sseepfcq9Uy0iIfqEDTXSoYLva1Y/JGbN/4AMOeQ6cqbu8Ma/SDJIdOFm7smsAa64j2z3SwCGG3FIilQVnUg==",
      "license": "MIT",
      "dependencies": {
        "min-dash": "^4.0.0",
        "saxen": "^10.0.0"
      },
      "engines": {
        "node": ">= 18"
      },
      "peerDependencies": {
        "moddle": ">= 6.2.0"
      }
    },
    "node_modules/moddle/node_modules/min-dash": {
      "version": "5.1.0",
      "resolved": "https://registry.npmjs.org/min-dash/-/min-dash-5.1.0.tgz",
      "integrity": "sha512-HAvN6XzmCQj+js43G9sJRRw8kj/7DvoxN7qhoIN9Xo5ZN1NMljtpyKs/NunXmw0QSWwlgZzNv6tLeEa4xaZ0tg==",
      "license": "MIT"
    },
    "node_modules/ms": {
      "version": "2.1.3",
      "resolved": "https://registry.npmjs.org/ms/-/ms-2.1.3.tgz",
      "integrity": "sha512-6FlzubTLZG3J2a/NVCAleEhjzq5oxgHyaCU9yYXvcLsvoVaHJq/s5xXI6/XXP6tz7R9xAOtHnSO/tXtF3WRTlA==",
      "dev": true,
      "license": "MIT"
    },
    "node_modules/object-refs": {
      "version": "0.4.0",
      "resolved": "https://registry.npmjs.org/object-refs/-/object-refs-0.4.0.tgz",
      "integrity": "sha512-6kJqKWryKZmtte6QYvouas0/EIJKPI1/MMIuRsiBlNuhIMfqYTggzX2F1AJ2+cDs288xyi9GL7FyasHINR98BQ==",
      "dev": true,
      "license": "MIT",
      "engines": {
        "node": "*"
      }
    },
    "node_modules/path-intersection": {
      "version": "4.1.0",
      "resolved": "https://registry.npmjs.org/path-intersection/-/path-intersection-4.1.0.tgz",
      "integrity": "sha512-urUP6WvhnxbHPdHYl6L7Yrc6+1ny6uOFKPCzPxTSUSYGHG0o94RmI7SvMMaScNAM5RtTf08bg4skc6/kjfne3A==",
      "dev": true,
      "license": "MIT",
      "engines": {
        "node": ">= 14.20"
      }
    },
    "node_modules/playwright-core": {
      "version": "1.63.0",
      "resolved": "https://registry.npmjs.org/playwright-core/-/playwright-core-1.63.0.tgz",
      "integrity": "sha512-rYCsBF/M5HjUch52bbtVONEFjv6Xu8sm8h72dNlR5bzIE1fvC/bxgspzkjSfU+MweEMmPM8KJebG6nnyxo5mCg==",
      "dev": true,
      "license": "Apache-2.0",
      "bin": {
        "playwright-core": "cli.js"
      },
      "engines": {
        "node": ">=20"
      }
    },
    "node_modules/preact": {
      "version": "10.29.8",
      "resolved": "https://registry.npmjs.org/preact/-/preact-10.29.8.tgz",
      "integrity": "sha512-ej2aVZ+vZ8WO7tvlQWRM9N63A0KzF9q4mWJfDUHgYaIofWY9hu74QdnQrjoPMmZi2/nZ5gN0bJCQF49xQqx09Q==",
      "dev": true,
      "license": "MIT",
      "funding": {
        "type": "opencollective",
        "url": "https://opencollective.com/preact"
      },
      "peerDependencies": {
        "preact-render-to-string": ">=5"
      },
      "peerDependenciesMeta": {
        "preact-render-to-string": {
          "optional": true
        }
      }
    },
    "node_modules/saxen": {
      "version": "10.0.0",
      "resolved": "https://registry.npmjs.org/saxen/-/saxen-10.0.0.tgz",
      "integrity": "sha512-RXsmWok/SAWqOG/f5ADEz51DN9WtZEzqih3e08ranldcaXekxjx8NBKjGh/y5hlowjo0JH/LekBu6gtPFD1G6g==",
      "license": "MIT",
      "engines": {
        "node": ">= 18"
      }
    },
    "node_modules/smqp": {
      "version": "11.0.1",
      "resolved": "https://registry.npmjs.org/smqp/-/smqp-11.0.1.tgz",
      "integrity": "sha512-sMm/kimL7vzjY14wzJgFgf7ypPKP6vO4D+ZyLVpKPts3O42Pxysy2AXQMM4JiOS6uFpOHIbuPH1SvDj2mEOHcw==",
      "license": "MIT"
    },
    "node_modules/tiny-svg": {
      "version": "4.1.4",
      "resolved": "https://registry.npmjs.org/tiny-svg/-/tiny-svg-4.1.4.tgz",
      "integrity": "sha512-cBaEACCbouYrQc9RG+eTXnPYosX1Ijqty/I6DdXovwDd89Pwu4jcmpOR7BuFEF9YCcd7/AWwasE0207WMK7hdw==",
      "dev": true,
      "license": "MIT",
      "engines": {
        "node": ">= 20"
      }
    },
    "node_modules/typescript": {
      "version": "5.4.5",
      "resolved": "https://registry.npmjs.org/typescript/-/typescript-5.4.5.tgz",
      "integrity": "sha512-vcI4UpRgg81oIRUFwR0WSIHKt11nJ7SAVlYNIu+QpqeyXP+gpQJy/Z4+F0aGxSE4MqwjyXvW/TzgkLAx2AGHwQ==",
      "dev": true,
      "license": "Apache-2.0",
      "bin": {
        "tsc": "bin/tsc",
        "tsserver": "bin/tsserver"
      },
      "engines": {
        "node": ">=14.17"
      }
    }
  }
}
